
Microsoft Visual Studio Solution File, Format Version 12.00
# Visual Studio Version 17
VisualStudioVersion = 17.14.36705.20 d17.14
MinimumVisualStudioVersion = 10.0.40219.1
Project("{54435603-DBB4-11D2-8724-00A0C9A8B90C}") = "RefdInstaller", "RefdInstaller.vdproj", "{4549651A-64D4-437C-C225-846B885D0B7E}"
EndProject
Global
	GlobalSection(SolutionConfigurationPlatforms) = preSolution
		Debug|Default = Debug|Default
		Release|Default = Release|Default
	EndGlobalSection
	GlobalSection(ProjectConfigurationPlatforms) = postSolution
		{4549651A-64D4-437C-C225-846B885D0B7E}.Debug|Default.ActiveCfg = Debug
		{4549651A-64D4-437C-C225-846B885D0B7E}.Debug|Default.Build.0 = Debug
		{4549651A-64D4-437C-C225-846B885D0B7E}.Release|Default.ActiveCfg = Release
		{4549651A-64D4-437C-C225-846B885D0B7E}.Release|Default.Build.0 = Release
	EndGlobalSection
	GlobalSection(SolutionProperties) = preSolution
		HideSolutionNode = FALSE
	EndGlobalSection
	GlobalSection(ExtensibilityGlobals) = postSolution
		SolutionGuid = {5B4A8E67-2902-4389-9001-003597CB2323}
	EndGlobalSection
EndGlobal
