<?xml version="1.0" encoding="utf-8"?>
<Project ToolsVersion="4.0" xmlns="http://schemas.microsoft.com/developer/msbuild/2003">
  <ItemGroup>
    <Filter Include="Source Files">
      <UniqueIdentifier>{4FC737F1-C7A5-4376-A066-2A32D752A2FF}</UniqueIdentifier>
      <Extensions>cpp;c;cc;cxx;c++;cppm;ixx;def;odl;idl;hpj;bat;asm;asmx</Extensions>
    </Filter>
    <Filter Include="Header Files">
      <UniqueIdentifier>{93995380-89BD-4b04-88EB-625FBE52EBFB}</UniqueIdentifier>
      <Extensions>h;hh;hpp;hxx;h++;hm;inl;inc;ipp;xsd</Extensions>
    </Filter>
    <Filter Include="Resource Files">
      <UniqueIdentifier>{67DA6AB6-F800-4c08-8B7A-83BB121AAD01}</UniqueIdentifier>
      <Extensions>rc;ico;cur;bmp;dlg;rc2;rct;bin;rgs;gif;jpg;jpeg;jpe;resx;tiff;tif;png;wav;mfcribbon-ms</Extensions>
    </Filter>
  </ItemGroup>
  <ItemGroup>
    <ClCompile Include="include\com\driver_comm.cpp">
      <Filter>Source Files</Filter>
    </ClCompile>
    <ClCompile Include="include\com\minifilter_com.cpp">
      <Filter>Source Files</Filter>
    </ClCompile>
    <ClCompile Include="include\manager\file_manager.cpp">
      <Filter>Source Files</Filter>
    </ClCompile>
    <ClCompile Include="include\manager\file_type_iden.cpp">
      <Filter>Source Files</Filter>
    </ClCompile>
    <ClCompile Include="include\manager\manager.cpp">
      <Filter>Source Files</Filter>
    </ClCompile>
    <ClCompile Include="include\mutex\mutex.cpp">
      <Filter>Source Files</Filter>
    </ClCompile>
    <ClCompile Include="include\service\service.cpp">
      <Filter>Source Files</Filter>
    </ClCompile>
    <ClCompile Include="include\ulti\debug.cpp">
      <Filter>Source Files</Filter>
    </ClCompile>
    <ClCompile Include="include\ulti\support.cpp">
      <Filter>Source Files</Filter>
    </ClCompile>
    <ClCompile Include="main.cpp">
      <Filter>Source Files</Filter>
    </ClCompile>
    <ClCompile Include="include\trid\trid_api.cpp">
      <Filter>Source Files</Filter>
    </ClCompile>
    <ClCompile Include="include\manager\known_folder.cpp">
      <Filter>Source Files</Filter>
    </ClCompile>
    <ClCompile Include="include\honey\honeypot.cpp">
      <Filter>Source Files</Filter>
    </ClCompile>
    <ClCompile Include="include\manager\cache.cpp">
      <Filter>Source Files</Filter>
    </ClCompile>
    <ClCompile Include="include\manager\matcher.cpp">
      <Filter>Source Files</Filter>
    </ClCompile>
    <ClCompile Include="include\file_type\txt.cpp">
      <Filter>Source Files</Filter>
    </ClCompile>
    <ClCompile Include="include\file_type\zip.cpp">
      <Filter>Source Files</Filter>
    </ClCompile>
    <ClCompile Include="include\trid\trid.cpp">
      <Filter>Source Files</Filter>
    </ClCompile>
    <ClCompile Include="include\file_type\png.cpp">
      <Filter>Source Files</Filter>
    </ClCompile>
    <ClCompile Include="include\file_type\jpg.cpp">
      <Filter>Source Files</Filter>
    </ClCompile>
    <ClCompile Include="include\file_type\7z.cpp">
      <Filter>Source Files</Filter>
    </ClCompile>
    <ClCompile Include="include\file_type\ole.cpp">
      <Filter>Source Files</Filter>
    </ClCompile>
    <ClCompile Include="include\file_type\pdf.cpp">
      <Filter>Source Files</Filter>
    </ClCompile>
    <ClCompile Include="include\file_type\rar.cpp">
      <Filter>Source Files</Filter>
    </ClCompile>
    <ClCompile Include="include\file_type\gzip.cpp">
      <Filter>Source Files</Filter>
    </ClCompile>
    <ClCompile Include="include\file_type\webp.cpp">
      <Filter>Source Files</Filter>
    </ClCompile>
    <ClCompile Include="include\file_type\mp3.cpp">
      <Filter>Source Files</Filter>
    </ClCompile>
  </ItemGroup>
  <ItemGroup>
    <ClInclude Include="include\com\driver_comm.h">
      <Filter>Header Files</Filter>
    </ClInclude>
    <ClInclude Include="include\com\minifilter_comm.h">
      <Filter>Header Files</Filter>
    </ClInclude>
    <ClInclude Include="include\manager\file_manager.h">
      <Filter>Header Files</Filter>
    </ClInclude>
    <ClInclude Include="include\manager\file_type_iden.h">
      <Filter>Header Files</Filter>
    </ClInclude>
    <ClInclude Include="include\manager\manager.h">
      <Filter>Header Files</Filter>
    </ClInclude>
    <ClInclude Include="include\mutex\mutex.h">
      <Filter>Header Files</Filter>
    </ClInclude>
    <ClInclude Include="include\service\service.h">
      <Filter>Header Files</Filter>
    </ClInclude>
    <ClInclude Include="include\ulti\debug.h">
      <Filter>Header Files</Filter>
    </ClInclude>
    <ClInclude Include="include\ulti\include.h">
      <Filter>Header Files</Filter>
    </ClInclude>
    <ClInclude Include="include\ulti\support.h">
      <Filter>Header Files</Filter>
    </ClInclude>
    <ClInclude Include="include\trid\trid_api.h">
      <Filter>Header Files</Filter>
    </ClInclude>
    <ClInclude Include="include\manager\known_folder.h">
      <Filter>Header Files</Filter>
    </ClInclude>
    <ClInclude Include="include\honey\honeypot.h">
      <Filter>Header Files</Filter>
    </ClInclude>
    <ClInclude Include="include\manager\cache.h">
      <Filter>Header Files</Filter>
    </ClInclude>
    <ClInclude Include="include\manager\matcher.h">
      <Filter>Header Files</Filter>
    </ClInclude>
    <ClInclude Include="include\file_type\txt.h">
      <Filter>Header Files</Filter>
    </ClInclude>
    <ClInclude Include="include\file_type\zip.h">
      <Filter>Header Files</Filter>
    </ClInclude>
    <ClInclude Include="include\trid\trid.h">
      <Filter>Header Files</Filter>
    </ClInclude>
    <ClInclude Include="include\file_type\png.h">
      <Filter>Header Files</Filter>
    </ClInclude>
    <ClInclude Include="include\file_type\jpg.h">
      <Filter>Header Files</Filter>
    </ClInclude>
    <ClInclude Include="include\file_type\7z.h">
      <Filter>Header Files</Filter>
    </ClInclude>
    <ClInclude Include="include\file_type\ole.h">
      <Filter>Header Files</Filter>
    </ClInclude>
    <ClInclude Include="pdf.h">
      <Filter>Header Files</Filter>
    </ClInclude>
    <ClInclude Include="include\file_type\pdf.h">
      <Filter>Header Files</Filter>
    </ClInclude>
    <ClInclude Include="include\file_type\rar.h">
      <Filter>Header Files</Filter>
    </ClInclude>
    <ClInclude Include="include\file_type\gzip.h">
      <Filter>Header Files</Filter>
    </ClInclude>
    <ClInclude Include="include\file_type\webp.h">
      <Filter>Header Files</Filter>
    </ClInclude>
    <ClInclude Include="include\file_type\mp3.h">
      <Filter>Header Files</Filter>
    </ClInclude>
  </ItemGroup>
</Project>