<?xml version="1.0" encoding="utf-8"?>
<Project ToolsVersion="4.0" xmlns="http://schemas.microsoft.com/developer/msbuild/2003">
  <ItemGroup>
    <Filter Include="Source Files">
      <UniqueIdentifier>{4FC737F1-C7A5-4376-A066-2A32D752A2FF}</UniqueIdentifier>
      <Extensions>cpp;c;cc;cxx;c++;cppm;ixx;def;odl;idl;hpj;bat;asm;asmx</Extensions>
    </Filter>
    <Filter Include="Header Files">
      <UniqueIdentifier>{93995380-89BD-4b04-88EB-625FBE52EBFB}</UniqueIdentifier>
      <Extensions>h;hh;hpp;hxx;h++;hm;inl;inc;ipp;xsd</Extensions>
    </Filter>
    <Filter Include="Resource Files">
      <UniqueIdentifier>{67DA6AB6-F800-4c08-8B7A-83BB121AAD01}</UniqueIdentifier>
      <Extensions>rc;ico;cur;bmp;dlg;rc2;rct;bin;rgs;gif;jpg;jpeg;jpe;resx;tiff;tif;png;wav;mfcribbon-ms</Extensions>
    </Filter>
  </ItemGroup>
  <ItemGroup>
    <ClCompile Include="include\manager\file_type_iden.cpp">
      <Filter>Source Files</Filter>
    </ClCompile>
    <ClCompile Include="include\mutex\mutex.cpp">
      <Filter>Source Files</Filter>
    </ClCompile>
    <ClCompile Include="include\service\service.cpp">
      <Filter>Source Files</Filter>
    </ClCompile>
    <ClCompile Include="include\ulti\debug.cpp">
      <Filter>Source Files</Filter>
    </ClCompile>
    <ClCompile Include="include\ulti\support.cpp">
      <Filter>Source Files</Filter>
    </ClCompile>
    <ClCompile Include="main.cpp">
      <Filter>Source Files</Filter>
    </ClCompile>
    <ClCompile Include="include\trid\trid_api.cpp">
      <Filter>Source Files</Filter>
    </ClCompile>
    <ClCompile Include="include\file_type\txt.cpp">
      <Filter>Source Files</Filter>
    </ClCompile>
    <ClCompile Include="include\trid\trid.cpp">
      <Filter>Source Files</Filter>
    </ClCompile>
    <ClCompile Include="include\file_type\ole.cpp">
      <Filter>Source Files</Filter>
    </ClCompile>
    <ClCompile Include="include\file_type\pdf.cpp">
      <Filter>Source Files</Filter>
    </ClCompile>
    <ClCompile Include="include\file_type\av.cpp">
      <Filter>Source Files</Filter>
    </ClCompile>
    <ClCompile Include="include\file_type\image.cpp">
      <Filter>Source Files</Filter>
    </ClCompile>
    <ClCompile Include="include\file_type\compress.cpp">
      <Filter>Source Files</Filter>
    </ClCompile>
    <ClCompile Include="include\manager\receiver.cpp">
      <Filter>Source Files</Filter>
    </ClCompile>
    <ClCompile Include="include\manager\scanner.cpp">
      <Filter>Source Files</Filter>
    </ClCompile>
    <ClCompile Include="include\ulti\file_helper.cpp">
      <Filter>Source Files</Filter>
    </ClCompile>
    <ClCompile Include="include\ulti\lru_cache.hpp">
      <Filter>Source Files</Filter>
    </ClCompile>
    <ClCompile Include="include\manager\etw_controller.cpp">
      <Filter>Source Files</Filter>
    </ClCompile>
  </ItemGroup>
  <ItemGroup>
    <ClInclude Include="include\manager\file_type_iden.h">
      <Filter>Header Files</Filter>
    </ClInclude>
    <ClInclude Include="include\mutex\mutex.h">
      <Filter>Header Files</Filter>
    </ClInclude>
    <ClInclude Include="include\service\service.h">
      <Filter>Header Files</Filter>
    </ClInclude>
    <ClInclude Include="include\ulti\debug.h">
      <Filter>Header Files</Filter>
    </ClInclude>
    <ClInclude Include="include\ulti\include.h">
      <Filter>Header Files</Filter>
    </ClInclude>
    <ClInclude Include="include\ulti\support.h">
      <Filter>Header Files</Filter>
    </ClInclude>
    <ClInclude Include="include\trid\trid_api.h">
      <Filter>Header Files</Filter>
    </ClInclude>
    <ClInclude Include="include\file_type\txt.h">
      <Filter>Header Files</Filter>
    </ClInclude>
    <ClInclude Include="include\trid\trid.h">
      <Filter>Header Files</Filter>
    </ClInclude>
    <ClInclude Include="include\file_type\ole.h">
      <Filter>Header Files</Filter>
    </ClInclude>
    <ClInclude Include="include\file_type\pdf.h">
      <Filter>Header Files</Filter>
    </ClInclude>
    <ClInclude Include="include\file_type\av.h">
      <Filter>Header Files</Filter>
    </ClInclude>
    <ClInclude Include="include\file_type\image.h">
      <Filter>Header Files</Filter>
    </ClInclude>
    <ClInclude Include="include\file_type\compress.h">
      <Filter>Header Files</Filter>
    </ClInclude>
    <ClInclude Include="include\manager\receiver.h">
      <Filter>Header Files</Filter>
    </ClInclude>
    <ClInclude Include="include\manager\scanner.h">
      <Filter>Header Files</Filter>
    </ClInclude>
    <ClInclude Include="include\ulti\file_helper.h">
      <Filter>Header Files</Filter>
    </ClInclude>
    <ClInclude Include="include\manager\etw_controller.h">
      <Filter>Header Files</Filter>
    </ClInclude>
    <ClInclude Include="include\krabs\krabs\filtering\comparers.hpp">
      <Filter>Header Files</Filter>
    </ClInclude>
    <ClInclude Include="include\krabs\krabs\filtering\event_filter.hpp">
      <Filter>Header Files</Filter>
    </ClInclude>
    <ClInclude Include="include\krabs\krabs\filtering\predicates.hpp">
      <Filter>Header Files</Filter>
    </ClInclude>
    <ClInclude Include="include\krabs\krabs\filtering\view_adapters.hpp">
      <Filter>Header Files</Filter>
    </ClInclude>
    <ClInclude Include="include\krabs\krabs\testing\event_filter_proxy.hpp">
      <Filter>Header Files</Filter>
    </ClInclude>
    <ClInclude Include="include\krabs\krabs\testing\extended_data_builder.hpp">
      <Filter>Header Files</Filter>
    </ClInclude>
    <ClInclude Include="include\krabs\krabs\testing\filler.hpp">
      <Filter>Header Files</Filter>
    </ClInclude>
    <ClInclude Include="include\krabs\krabs\testing\proxy.hpp">
      <Filter>Header Files</Filter>
    </ClInclude>
    <ClInclude Include="include\krabs\krabs\testing\record_builder.hpp">
      <Filter>Header Files</Filter>
    </ClInclude>
    <ClInclude Include="include\krabs\krabs\testing\record_property_thunk.hpp">
      <Filter>Header Files</Filter>
    </ClInclude>
    <ClInclude Include="include\krabs\krabs\testing\synth_record.hpp">
      <Filter>Header Files</Filter>
    </ClInclude>
    <ClInclude Include="include\krabs\krabs\client.hpp">
      <Filter>Header Files</Filter>
    </ClInclude>
    <ClInclude Include="include\krabs\krabs\collection_view.hpp">
      <Filter>Header Files</Filter>
    </ClInclude>
    <ClInclude Include="include\krabs\krabs\compiler_check.hpp">
      <Filter>Header Files</Filter>
    </ClInclude>
    <ClInclude Include="include\krabs\krabs\errors.hpp">
      <Filter>Header Files</Filter>
    </ClInclude>
    <ClInclude Include="include\krabs\krabs\etw.hpp">
      <Filter>Header Files</Filter>
    </ClInclude>
    <ClInclude Include="include\krabs\krabs\guid.hpp">
      <Filter>Header Files</Filter>
    </ClInclude>
    <ClInclude Include="include\krabs\krabs\kernel_guids.hpp">
      <Filter>Header Files</Filter>
    </ClInclude>
    <ClInclude Include="include\krabs\krabs\kernel_providers.hpp">
      <Filter>Header Files</Filter>
    </ClInclude>
    <ClInclude Include="include\krabs\krabs\kt.hpp">
      <Filter>Header Files</Filter>
    </ClInclude>
    <ClInclude Include="include\krabs\krabs\parse_types.hpp">
      <Filter>Header Files</Filter>
    </ClInclude>
    <ClInclude Include="include\krabs\krabs\parser.hpp">
      <Filter>Header Files</Filter>
    </ClInclude>
    <ClInclude Include="include\krabs\krabs\perfinfo_groupmask.hpp">
      <Filter>Header Files</Filter>
    </ClInclude>
    <ClInclude Include="include\krabs\krabs\property.hpp">
      <Filter>Header Files</Filter>
    </ClInclude>
    <ClInclude Include="include\krabs\krabs\provider.hpp">
      <Filter>Header Files</Filter>
    </ClInclude>
    <ClInclude Include="include\krabs\krabs\schema.hpp">
      <Filter>Header Files</Filter>
    </ClInclude>
    <ClInclude Include="include\krabs\krabs\schema_locator.hpp">
      <Filter>Header Files</Filter>
    </ClInclude>
    <ClInclude Include="include\krabs\krabs\size_provider.hpp">
      <Filter>Header Files</Filter>
    </ClInclude>
    <ClInclude Include="include\krabs\krabs\tdh_helpers.hpp">
      <Filter>Header Files</Filter>
    </ClInclude>
    <ClInclude Include="include\krabs\krabs\trace.hpp">
      <Filter>Header Files</Filter>
    </ClInclude>
    <ClInclude Include="include\krabs\krabs\trace_context.hpp">
      <Filter>Header Files</Filter>
    </ClInclude>
    <ClInclude Include="include\krabs\krabs\ut.hpp">
      <Filter>Header Files</Filter>
    </ClInclude>
    <ClInclude Include="include\krabs\krabs\version_helpers.hpp">
      <Filter>Header Files</Filter>
    </ClInclude>
    <ClInclude Include="include\krabs\krabs\wstring_convert.hpp">
      <Filter>Header Files</Filter>
    </ClInclude>
    <ClInclude Include="include\krabs\krabs.hpp">
      <Filter>Header Files</Filter>
    </ClInclude>
  </ItemGroup>
</Project>